// !$*UTF8*$!
{
	archiveVersion = 1;
	classes = {
	};
	objectVersion = 55;
	objects = {

/* Begin PBXBuildFile section */
		640F15FF13706571CA8197F5 /* Pods_cakeApp_cakeAppUITests.framework in Frameworks */ = {isa = PBXBuildFile; fileRef = A954AB55B43D97056AF10905 /* Pods_cakeApp_cakeAppUITests.framework */; };
		B41B161E27E139E200C66760 /* GoogleService-Info.plist in Resources */ = {isa = PBXBuildFile; fileRef = B41B161D27E139E200C66760 /* GoogleService-Info.plist */; };
		B423819827DBF4DD00E66E0F /* AppDelegate.swift in Sources */ = {isa = PBXBuildFile; fileRef = B423819727DBF4DD00E66E0F /* AppDelegate.swift */; };
		B423819A27DBF4DD00E66E0F /* SceneDelegate.swift in Sources */ = {isa = PBXBuildFile; fileRef = B423819927DBF4DD00E66E0F /* SceneDelegate.swift */; };
		B423819C27DBF4DD00E66E0F /* ViewController.swift in Sources */ = {isa = PBXBuildFile; fileRef = B423819B27DBF4DD00E66E0F /* ViewController.swift */; };
		B423819F27DBF4DD00E66E0F /* Main.storyboard in Resources */ = {isa = PBXBuildFile; fileRef = B423819D27DBF4DD00E66E0F /* Main.storyboard */; };
		B42381A227DBF4DD00E66E0F /* cakeApp.xcdatamodeld in Sources */ = {isa = PBXBuildFile; fileRef = B42381A027DBF4DD00E66E0F /* cakeApp.xcdatamodeld */; };
		B42381A427DBF4DD00E66E0F /* Assets.xcassets in Resources */ = {isa = PBXBuildFile; fileRef = B42381A327DBF4DD00E66E0F /* Assets.xcassets */; };
		B42381A727DBF4DD00E66E0F /* LaunchScreen.storyboard in Resources */ = {isa = PBXBuildFile; fileRef = B42381A527DBF4DD00E66E0F /* LaunchScreen.storyboard */; };
		B42381B227DBF4DD00E66E0F /* cakeAppTests.swift in Sources */ = {isa = PBXBuildFile; fileRef = B42381B127DBF4DD00E66E0F /* cakeAppTests.swift */; };
		B42381BC27DBF4DD00E66E0F /* cakeAppUITests.swift in Sources */ = {isa = PBXBuildFile; fileRef = B42381BB27DBF4DD00E66E0F /* cakeAppUITests.swift */; };
		B42381BE27DBF4DD00E66E0F /* cakeAppUITestsLaunchTests.swift in Sources */ = {isa = PBXBuildFile; fileRef = B42381BD27DBF4DD00E66E0F /* cakeAppUITestsLaunchTests.swift */; };
		B45A0F2127FD1DC5004EB0AD /* Account.storyboard in Resources */ = {isa = PBXBuildFile; fileRef = B45A0F2027FD1DC5004EB0AD /* Account.storyboard */; };
		B45A0F2627FD1F71004EB0AD /* AccountViewController.swift in Sources */ = {isa = PBXBuildFile; fileRef = B45A0F2527FD1F71004EB0AD /* AccountViewController.swift */; };
		B45A0F2827FD2039004EB0AD /* ContactViewController.swift in Sources */ = {isa = PBXBuildFile; fileRef = B45A0F2727FD2039004EB0AD /* ContactViewController.swift */; };
		B45A0F2A27FD2043004EB0AD /* Contact.storyboard in Resources */ = {isa = PBXBuildFile; fileRef = B45A0F2927FD2043004EB0AD /* Contact.storyboard */; };
		B45A0F2C27FD214D004EB0AD /* CustomizeCake.storyboard in Resources */ = {isa = PBXBuildFile; fileRef = B45A0F2B27FD214D004EB0AD /* CustomizeCake.storyboard */; };
		CEA0969BF2D6402B7B283FA7 /* Pods_cakeAppTests.framework in Frameworks */ = {isa = PBXBuildFile; fileRef = 47100787E8B6BC50CEA7F9FB /* Pods_cakeAppTests.framework */; };
		E842410DAAB92B90232F9A37 /* Pods_cakeApp.framework in Frameworks */ = {isa = PBXBuildFile; fileRef = 90A2405D42EFAAD84C8603D6 /* Pods_cakeApp.framework */; };
/* End PBXBuildFile section */

/* Begin PBXContainerItemProxy section */
		B42381AE27DBF4DD00E66E0F /* PBXContainerItemProxy */ = {
			isa = PBXContainerItemProxy;
			containerPortal = B423818C27DBF4DD00E66E0F /* Project object */;
			proxyType = 1;
			remoteGlobalIDString = B423819327DBF4DD00E66E0F;
			remoteInfo = cakeApp;
		};
		B42381B827DBF4DD00E66E0F /* PBXContainerItemProxy */ = {
			isa = PBXContainerItemProxy;
			containerPortal = B423818C27DBF4DD00E66E0F /* Project object */;
			proxyType = 1;
			remoteGlobalIDString = B423819327DBF4DD00E66E0F;
			remoteInfo = cakeApp;
		};
/* End PBXContainerItemProxy section */

/* Begin PBXFileReference section */
		02C69DB15BCD4F51521C6ECE /* Pods-cakeApp-cakeAppUITests.debug.xcconfig */ = {isa = PBXFileReference; includeInIndex = 1; lastKnownFileType = text.xcconfig; name = "Pods-cakeApp-cakeAppUITests.debug.xcconfig"; path = "Target Support Files/Pods-cakeApp-cakeAppUITests/Pods-cakeApp-cakeAppUITests.debug.xcconfig"; sourceTree = "<group>"; };
		1E965285BC1C46A4C8A74EDE /* Pods-cakeApp.release.xcconfig */ = {isa = PBXFileReference; includeInIndex = 1; lastKnownFileType = text.xcconfig; name = "Pods-cakeApp.release.xcconfig"; path = "Target Support Files/Pods-cakeApp/Pods-cakeApp.release.xcconfig"; sourceTree = "<group>"; };
		47100787E8B6BC50CEA7F9FB /* Pods_cakeAppTests.framework */ = {isa = PBXFileReference; explicitFileType = wrapper.framework; includeInIndex = 0; path = Pods_cakeAppTests.framework; sourceTree = BUILT_PRODUCTS_DIR; };
		514CAC689D8934E36D097682 /* Pods-cakeApp.debug.xcconfig */ = {isa = PBXFileReference; includeInIndex = 1; lastKnownFileType = text.xcconfig; name = "Pods-cakeApp.debug.xcconfig"; path = "Target Support Files/Pods-cakeApp/Pods-cakeApp.debug.xcconfig"; sourceTree = "<group>"; };
		62E1419E2FE761A7CFA7C4A5 /* Pods-cakeAppTests.debug.xcconfig */ = {isa = PBXFileReference; includeInIndex = 1; lastKnownFileType = text.xcconfig; name = "Pods-cakeAppTests.debug.xcconfig"; path = "Target Support Files/Pods-cakeAppTests/Pods-cakeAppTests.debug.xcconfig"; sourceTree = "<group>"; };
		76CB25CF2FBF083BF1736E72 /* Pods-cakeAppTests.release.xcconfig */ = {isa = PBXFileReference; includeInIndex = 1; lastKnownFileType = text.xcconfig; name = "Pods-cakeAppTests.release.xcconfig"; path = "Target Support Files/Pods-cakeAppTests/Pods-cakeAppTests.release.xcconfig"; sourceTree = "<group>"; };
		90A2405D42EFAAD84C8603D6 /* Pods_cakeApp.framework */ = {isa = PBXFileReference; explicitFileType = wrapper.framework; includeInIndex = 0; path = Pods_cakeApp.framework; sourceTree = BUILT_PRODUCTS_DIR; };
		A954AB55B43D97056AF10905 /* Pods_cakeApp_cakeAppUITests.framework */ = {isa = PBXFileReference; explicitFileType = wrapper.framework; includeInIndex = 0; path = Pods_cakeApp_cakeAppUITests.framework; sourceTree = BUILT_PRODUCTS_DIR; };
		B41B161D27E139E200C66760 /* GoogleService-Info.plist */ = {isa = PBXFileReference; fileEncoding = 4; lastKnownFileType = text.plist.xml; name = "GoogleService-Info.plist"; path = "../../../Downloads/GoogleService-Info.plist"; sourceTree = "<group>"; };
		B423819427DBF4DD00E66E0F /* cakeApp.app */ = {isa = PBXFileReference; explicitFileType = wrapper.application; includeInIndex = 0; path = cakeApp.app; sourceTree = BUILT_PRODUCTS_DIR; };
		B423819727DBF4DD00E66E0F /* AppDelegate.swift */ = {isa = PBXFileReference; lastKnownFileType = sourcecode.swift; path = AppDelegate.swift; sourceTree = "<group>"; };
		B423819927DBF4DD00E66E0F /* SceneDelegate.swift */ = {isa = PBXFileReference; lastKnownFileType = sourcecode.swift; path = SceneDelegate.swift; sourceTree = "<group>"; };
		B423819B27DBF4DD00E66E0F /* ViewController.swift */ = {isa = PBXFileReference; lastKnownFileType = sourcecode.swift; path = ViewController.swift; sourceTree = "<group>"; };
		B423819E27DBF4DD00E66E0F /* Base */ = {isa = PBXFileReference; lastKnownFileType = file.storyboard; name = Base; path = Base.lproj/Main.storyboard; sourceTree = "<group>"; };
		B42381A127DBF4DD00E66E0F /* cakeApp.xcdatamodel */ = {isa = PBXFileReference; lastKnownFileType = wrapper.xcdatamodel; path = cakeApp.xcdatamodel; sourceTree = "<group>"; };
		B42381A327DBF4DD00E66E0F /* Assets.xcassets */ = {isa = PBXFileReference; lastKnownFileType = folder.assetcatalog; path = Assets.xcassets; sourceTree = "<group>"; };
		B42381A627DBF4DD00E66E0F /* Base */ = {isa = PBXFileReference; lastKnownFileType = file.storyboard; name = Base; path = Base.lproj/LaunchScreen.storyboard; sourceTree = "<group>"; };
		B42381A827DBF4DD00E66E0F /* Info.plist */ = {isa = PBXFileReference; lastKnownFileType = text.plist.xml; path = Info.plist; sourceTree = "<group>"; };
		B42381AD27DBF4DD00E66E0F /* cakeAppTests.xctest */ = {isa = PBXFileReference; explicitFileType = wrapper.cfbundle; includeInIndex = 0; path = cakeAppTests.xctest; sourceTree = BUILT_PRODUCTS_DIR; };
		B42381B127DBF4DD00E66E0F /* cakeAppTests.swift */ = {isa = PBXFileReference; lastKnownFileType = sourcecode.swift; path = cakeAppTests.swift; sourceTree = "<group>"; };
		B42381B727DBF4DD00E66E0F /* cakeAppUITests.xctest */ = {isa = PBXFileReference; explicitFileType = wrapper.cfbundle; includeInIndex = 0; path = cakeAppUITests.xctest; sourceTree = BUILT_PRODUCTS_DIR; };
		B42381BB27DBF4DD00E66E0F /* cakeAppUITests.swift */ = {isa = PBXFileReference; lastKnownFileType = sourcecode.swift; path = cakeAppUITests.swift; sourceTree = "<group>"; };
		B42381BD27DBF4DD00E66E0F /* cakeAppUITestsLaunchTests.swift */ = {isa = PBXFileReference; lastKnownFileType = sourcecode.swift; path = cakeAppUITestsLaunchTests.swift; sourceTree = "<group>"; };
		B45A0F2027FD1DC5004EB0AD /* Account.storyboard */ = {isa = PBXFileReference; lastKnownFileType = file.storyboard; path = Account.storyboard; sourceTree = "<group>"; };
		B45A0F2527FD1F71004EB0AD /* AccountViewController.swift */ = {isa = PBXFileReference; lastKnownFileType = sourcecode.swift; path = AccountViewController.swift; sourceTree = "<group>"; };
		B45A0F2727FD2039004EB0AD /* ContactViewController.swift */ = {isa = PBXFileReference; lastKnownFileType = sourcecode.swift; path = ContactViewController.swift; sourceTree = "<group>"; };
		B45A0F2927FD2043004EB0AD /* Contact.storyboard */ = {isa = PBXFileReference; lastKnownFileType = file.storyboard; path = Contact.storyboard; sourceTree = "<group>"; };
		B45A0F2B27FD214D004EB0AD /* CustomizeCake.storyboard */ = {isa = PBXFileReference; lastKnownFileType = file.storyboard; path = CustomizeCake.storyboard; sourceTree = "<group>"; };
		EAD17C1BBE8AF2C8AA558E56 /* Pods-cakeApp-cakeAppUITests.release.xcconfig */ = {isa = PBXFileReference; includeInIndex = 1; lastKnownFileType = text.xcconfig; name = "Pods-cakeApp-cakeAppUITests.release.xcconfig"; path = "Target Support Files/Pods-cakeApp-cakeAppUITests/Pods-cakeApp-cakeAppUITests.release.xcconfig"; sourceTree = "<group>"; };
/* End PBXFileReference section */

/* Begin PBXFrameworksBuildPhase section */
		B423819127DBF4DD00E66E0F /* Frameworks */ = {
			isa = PBXFrameworksBuildPhase;
			buildActionMask = 2147483647;
			files = (
				E842410DAAB92B90232F9A37 /* Pods_cakeApp.framework in Frameworks */,
			);
			runOnlyForDeploymentPostprocessing = 0;
		};
		B42381AA27DBF4DD00E66E0F /* Frameworks */ = {
			isa = PBXFrameworksBuildPhase;
			buildActionMask = 2147483647;
			files = (
				CEA0969BF2D6402B7B283FA7 /* Pods_cakeAppTests.framework in Frameworks */,
			);
			runOnlyForDeploymentPostprocessing = 0;
		};
		B42381B427DBF4DD00E66E0F /* Frameworks */ = {
			isa = PBXFrameworksBuildPhase;
			buildActionMask = 2147483647;
			files = (
				640F15FF13706571CA8197F5 /* Pods_cakeApp_cakeAppUITests.framework in Frameworks */,
			);
			runOnlyForDeploymentPostprocessing = 0;
		};
/* End PBXFrameworksBuildPhase section */

/* Begin PBXGroup section */
		022D08A272BF6DE8A9F58881 /* Pods */ = {
			isa = PBXGroup;
			children = (
				514CAC689D8934E36D097682 /* Pods-cakeApp.debug.xcconfig */,
				1E965285BC1C46A4C8A74EDE /* Pods-cakeApp.release.xcconfig */,
				02C69DB15BCD4F51521C6ECE /* Pods-cakeApp-cakeAppUITests.debug.xcconfig */,
				EAD17C1BBE8AF2C8AA558E56 /* Pods-cakeApp-cakeAppUITests.release.xcconfig */,
				62E1419E2FE761A7CFA7C4A5 /* Pods-cakeAppTests.debug.xcconfig */,
				76CB25CF2FBF083BF1736E72 /* Pods-cakeAppTests.release.xcconfig */,
			);
			path = Pods;
			sourceTree = "<group>";
		};
		0784619ADF277631F6FC9600 /* Frameworks */ = {
			isa = PBXGroup;
			children = (
				90A2405D42EFAAD84C8603D6 /* Pods_cakeApp.framework */,
				A954AB55B43D97056AF10905 /* Pods_cakeApp_cakeAppUITests.framework */,
				47100787E8B6BC50CEA7F9FB /* Pods_cakeAppTests.framework */,
			);
			name = Frameworks;
			sourceTree = "<group>";
		};
		B423818B27DBF4DD00E66E0F = {
			isa = PBXGroup;
			children = (
				B423819627DBF4DD00E66E0F /* cakeApp */,
				B42381B027DBF4DD00E66E0F /* cakeAppTests */,
				B42381BA27DBF4DD00E66E0F /* cakeAppUITests */,
				B423819527DBF4DD00E66E0F /* Products */,
				022D08A272BF6DE8A9F58881 /* Pods */,
				0784619ADF277631F6FC9600 /* Frameworks */,
			);
			sourceTree = "<group>";
		};
		B423819527DBF4DD00E66E0F /* Products */ = {
			isa = PBXGroup;
			children = (
				B423819427DBF4DD00E66E0F /* cakeApp.app */,
				B42381AD27DBF4DD00E66E0F /* cakeAppTests.xctest */,
				B42381B727DBF4DD00E66E0F /* cakeAppUITests.xctest */,
			);
			name = Products;
			sourceTree = "<group>";
		};
		B423819627DBF4DD00E66E0F /* cakeApp */ = {
			isa = PBXGroup;
			children = (
				B45A0F2427FD1F5A004EB0AD /* Controller */,
				B423819727DBF4DD00E66E0F /* AppDelegate.swift */,
				B423819927DBF4DD00E66E0F /* SceneDelegate.swift */,
				B423819B27DBF4DD00E66E0F /* ViewController.swift */,
				B423819D27DBF4DD00E66E0F /* Main.storyboard */,
				B42381A527DBF4DD00E66E0F /* LaunchScreen.storyboard */,
				B45A0F2027FD1DC5004EB0AD /* Account.storyboard */,
				B42381A327DBF4DD00E66E0F /* Assets.xcassets */,
				B42381A827DBF4DD00E66E0F /* Info.plist */,
				B42381A027DBF4DD00E66E0F /* cakeApp.xcdatamodeld */,
				B41B161D27E139E200C66760 /* GoogleService-Info.plist */,
				B45A0F2927FD2043004EB0AD /* Contact.storyboard */,
				B45A0F2B27FD214D004EB0AD /* CustomizeCake.storyboard */,
			);
			path = cakeApp;
			sourceTree = "<group>";
		};
		B42381B027DBF4DD00E66E0F /* cakeAppTests */ = {
			isa = PBXGroup;
			children = (
				B42381B127DBF4DD00E66E0F /* cakeAppTests.swift */,
			);
			path = cakeAppTests;
			sourceTree = "<group>";
		};
		B42381BA27DBF4DD00E66E0F /* cakeAppUITests */ = {
			isa = PBXGroup;
			children = (
				B42381BB27DBF4DD00E66E0F /* cakeAppUITests.swift */,
				B42381BD27DBF4DD00E66E0F /* cakeAppUITestsLaunchTests.swift */,
			);
			path = cakeAppUITests;
			sourceTree = "<group>";
		};
		B45A0F2427FD1F5A004EB0AD /* Controller */ = {
			isa = PBXGroup;
			children = (
				B45A0F2527FD1F71004EB0AD /* AccountViewController.swift */,
				B45A0F2727FD2039004EB0AD /* ContactViewController.swift */,
			);
			path = Controller;
			sourceTree = "<group>";
		};
/* End PBXGroup section */

/* Begin PBXNativeTarget section */
		B423819327DBF4DD00E66E0F /* cakeApp */ = {
			isa = PBXNativeTarget;
			buildConfigurationList = B42381C127DBF4DD00E66E0F /* Build configuration list for PBXNativeTarget "cakeApp" */;
			buildPhases = (
				B64D6E3265A6E7591A973B0C /* [CP] Check Pods Manifest.lock */,
				B423819027DBF4DD00E66E0F /* Sources */,
				B423819127DBF4DD00E66E0F /* Frameworks */,
				B423819227DBF4DD00E66E0F /* Resources */,
				D3EED5B786B808DA0F1A7641 /* [CP] Embed Pods Frameworks */,
			);
			buildRules = (
			);
			dependencies = (
			);
			name = cakeApp;
			productName = cakeApp;
			productReference = B423819427DBF4DD00E66E0F /* cakeApp.app */;
			productType = "com.apple.product-type.application";
		};
		B42381AC27DBF4DD00E66E0F /* cakeAppTests */ = {
			isa = PBXNativeTarget;
			buildConfigurationList = B42381C427DBF4DD00E66E0F /* Build configuration list for PBXNativeTarget "cakeAppTests" */;
			buildPhases = (
				97056A4AC318AB47A2BD3B5C /* [CP] Check Pods Manifest.lock */,
				B42381A927DBF4DD00E66E0F /* Sources */,
				B42381AA27DBF4DD00E66E0F /* Frameworks */,
				B42381AB27DBF4DD00E66E0F /* Resources */,
			);
			buildRules = (
			);
			dependencies = (
				B42381AF27DBF4DD00E66E0F /* PBXTargetDependency */,
			);
			name = cakeAppTests;
			productName = cakeAppTests;
			productReference = B42381AD27DBF4DD00E66E0F /* cakeAppTests.xctest */;
			productType = "com.apple.product-type.bundle.unit-test";
		};
		B42381B627DBF4DD00E66E0F /* cakeAppUITests */ = {
			isa = PBXNativeTarget;
			buildConfigurationList = B42381C727DBF4DD00E66E0F /* Build configuration list for PBXNativeTarget "cakeAppUITests" */;
			buildPhases = (
				9C3CB05FD2126BAC6D354352 /* [CP] Check Pods Manifest.lock */,
				B42381B327DBF4DD00E66E0F /* Sources */,
				B42381B427DBF4DD00E66E0F /* Frameworks */,
				B42381B527DBF4DD00E66E0F /* Resources */,
				A3D4515A2ABC54B6A430F059 /* [CP] Embed Pods Frameworks */,
			);
			buildRules = (
			);
			dependencies = (
				B42381B927DBF4DD00E66E0F /* PBXTargetDependency */,
			);
			name = cakeAppUITests;
			productName = cakeAppUITests;
			productReference = B42381B727DBF4DD00E66E0F /* cakeAppUITests.xctest */;
			productType = "com.apple.product-type.bundle.ui-testing";
		};
/* End PBXNativeTarget section */

/* Begin PBXProject section */
		B423818C27DBF4DD00E66E0F /* Project object */ = {
			isa = PBXProject;
			attributes = {
				BuildIndependentTargetsInParallel = 1;
				LastSwiftUpdateCheck = 1320;
				LastUpgradeCheck = 1320;
				TargetAttributes = {
					B423819327DBF4DD00E66E0F = {
						CreatedOnToolsVersion = 13.2.1;
					};
					B42381AC27DBF4DD00E66E0F = {
						CreatedOnToolsVersion = 13.2.1;
						TestTargetID = B423819327DBF4DD00E66E0F;
					};
					B42381B627DBF4DD00E66E0F = {
						CreatedOnToolsVersion = 13.2.1;
						TestTargetID = B423819327DBF4DD00E66E0F;
					};
				};
			};
			buildConfigurationList = B423818F27DBF4DD00E66E0F /* Build configuration list for PBXProject "cakeApp" */;
			compatibilityVersion = "Xcode 13.0";
			developmentRegion = en;
			hasScannedForEncodings = 0;
			knownRegions = (
				en,
				Base,
			);
			mainGroup = B423818B27DBF4DD00E66E0F;
			productRefGroup = B423819527DBF4DD00E66E0F /* Products */;
			projectDirPath = "";
			projectRoot = "";
			targets = (
				B423819327DBF4DD00E66E0F /* cakeApp */,
				B42381AC27DBF4DD00E66E0F /* cakeAppTests */,
				B42381B627DBF4DD00E66E0F /* cakeAppUITests */,
			);
		};
/* End PBXProject section */

/* Begin PBXResourcesBuildPhase section */
		B423819227DBF4DD00E66E0F /* Resources */ = {
			isa = PBXResourcesBuildPhase;
			buildActionMask = 2147483647;
			files = (
				B42381A727DBF4DD00E66E0F /* LaunchScreen.storyboard in Resources */,
				B45A0F2A27FD2043004EB0AD /* Contact.storyboard in Resources */,
				B42381A427DBF4DD00E66E0F /* Assets.xcassets in Resources */,
				B45A0F2C27FD214D004EB0AD /* CustomizeCake.storyboard in Resources */,
				B45A0F2127FD1DC5004EB0AD /* Account.storyboard in Resources */,
				B423819F27DBF4DD00E66E0F /* Main.storyboard in Resources */,
				B41B161E27E139E200C66760 /* GoogleService-Info.plist in Resources */,
			);
			runOnlyForDeploymentPostprocessing = 0;
		};
		B42381AB27DBF4DD00E66E0F /* Resources */ = {
			isa = PBXResourcesBuildPhase;
			buildActionMask = 2147483647;
			files = (
			);
			runOnlyForDeploymentPostprocessing = 0;
		};
		B42381B527DBF4DD00E66E0F /* Resources */ = {
			isa = PBXResourcesBuildPhase;
			buildActionMask = 2147483647;
			files = (
			);
			runOnlyForDeploymentPostprocessing = 0;
		};
/* End PBXResourcesBuildPhase section */

/* Begin PBXShellScriptBuildPhase section */
		97056A4AC318AB47A2BD3B5C /* [CP] Check Pods Manifest.lock */ = {
			isa = PBXShellScriptBuildPhase;
			buildActionMask = 2147483647;
			files = (
			);
			inputFileListPaths = (
			);
			inputPaths = (
				"${PODS_PODFILE_DIR_PATH}/Podfile.lock",
				"${PODS_ROOT}/Manifest.lock",
			);
			name = "[CP] Check Pods Manifest.lock";
			outputFileListPaths = (
			);
			outputPaths = (
				"$(DERIVED_FILE_DIR)/Pods-cakeAppTests-checkManifestLockResult.txt",
			);
			runOnlyForDeploymentPostprocessing = 0;
			shellPath = /bin/sh;
			shellScript = "diff \"${PODS_PODFILE_DIR_PATH}/Podfile.lock\" \"${PODS_ROOT}/Manifest.lock\" > /dev/null\nif [ $? != 0 ] ; then\n    # print error to STDERR\n    echo \"error: The sandbox is not in sync with the Podfile.lock. Run 'pod install' or update your CocoaPods installation.\" >&2\n    exit 1\nfi\n# This output is used by Xcode 'outputs' to avoid re-running this script phase.\necho \"SUCCESS\" > \"${SCRIPT_OUTPUT_FILE_0}\"\n";
			showEnvVarsInLog = 0;
		};
		9C3CB05FD2126BAC6D354352 /* [CP] Check Pods Manifest.lock */ = {
			isa = PBXShellScriptBuildPhase;
			buildActionMask = 2147483647;
			files = (
			);
			inputFileListPaths = (
			);
			inputPaths = (
				"${PODS_PODFILE_DIR_PATH}/Podfile.lock",
				"${PODS_ROOT}/Manifest.lock",
			);
			name = "[CP] Check Pods Manifest.lock";
			outputFileListPaths = (
			);
			outputPaths = (
				"$(DERIVED_FILE_DIR)/Pods-cakeApp-cakeAppUITests-checkManifestLockResult.txt",
			);
			runOnlyForDeploymentPostprocessing = 0;
			shellPath = /bin/sh;
			shellScript = "diff \"${PODS_PODFILE_DIR_PATH}/Podfile.lock\" \"${PODS_ROOT}/Manifest.lock\" > /dev/null\nif [ $? != 0 ] ; then\n    # print error to STDERR\n    echo \"error: The sandbox is not in sync with the Podfile.lock. Run 'pod install' or update your CocoaPods installation.\" >&2\n    exit 1\nfi\n# This output is used by Xcode 'outputs' to avoid re-running this script phase.\necho \"SUCCESS\" > \"${SCRIPT_OUTPUT_FILE_0}\"\n";
			showEnvVarsInLog = 0;
		};
		A3D4515A2ABC54B6A430F059 /* [CP] Embed Pods Frameworks */ = {
			isa = PBXShellScriptBuildPhase;
			buildActionMask = 2147483647;
			files = (
			);
			inputFileListPaths = (
				"${PODS_ROOT}/Target Support Files/Pods-cakeApp-cakeAppUITests/Pods-cakeApp-cakeAppUITests-frameworks-${CONFIGURATION}-input-files.xcfilelist",
			);
			name = "[CP] Embed Pods Frameworks";
			outputFileListPaths = (
				"${PODS_ROOT}/Target Support Files/Pods-cakeApp-cakeAppUITests/Pods-cakeApp-cakeAppUITests-frameworks-${CONFIGURATION}-output-files.xcfilelist",
			);
			runOnlyForDeploymentPostprocessing = 0;
			shellPath = /bin/sh;
			shellScript = "\"${PODS_ROOT}/Target Support Files/Pods-cakeApp-cakeAppUITests/Pods-cakeApp-cakeAppUITests-frameworks.sh\"\n";
			showEnvVarsInLog = 0;
		};
		B64D6E3265A6E7591A973B0C /* [CP] Check Pods Manifest.lock */ = {
			isa = PBXShellScriptBuildPhase;
			buildActionMask = 2147483647;
			files = (
			);
			inputFileListPaths = (
			);
			inputPaths = (
				"${PODS_PODFILE_DIR_PATH}/Podfile.lock",
				"${PODS_ROOT}/Manifest.lock",
			);
			name = "[CP] Check Pods Manifest.lock";
			outputFileListPaths = (
			);
			outputPaths = (
				"$(DERIVED_FILE_DIR)/Pods-cakeApp-checkManifestLockResult.txt",
			);
			runOnlyForDeploymentPostprocessing = 0;
			shellPath = /bin/sh;
			shellScript = "diff \"${PODS_PODFILE_DIR_PATH}/Podfile.lock\" \"${PODS_ROOT}/Manifest.lock\" > /dev/null\nif [ $? != 0 ] ; then\n    # print error to STDERR\n    echo \"error: The sandbox is not in sync with the Podfile.lock. Run 'pod install' or update your CocoaPods installation.\" >&2\n    exit 1\nfi\n# This output is used by Xcode 'outputs' to avoid re-running this script phase.\necho \"SUCCESS\" > \"${SCRIPT_OUTPUT_FILE_0}\"\n";
			showEnvVarsInLog = 0;
		};
		D3EED5B786B808DA0F1A7641 /* [CP] Embed Pods Frameworks */ = {
			isa = PBXShellScriptBuildPhase;
			buildActionMask = 2147483647;
			files = (
			);
			inputFileListPaths = (
				"${PODS_ROOT}/Target Support Files/Pods-cakeApp/Pods-cakeApp-frameworks-${CONFIGURATION}-input-files.xcfilelist",
			);
			name = "[CP] Embed Pods Frameworks";
			outputFileListPaths = (
				"${PODS_ROOT}/Target Support Files/Pods-cakeApp/Pods-cakeApp-frameworks-${CONFIGURATION}-output-files.xcfilelist",
			);
			runOnlyForDeploymentPostprocessing = 0;
			shellPath = /bin/sh;
			shellScript = "\"${PODS_ROOT}/Target Support Files/Pods-cakeApp/Pods-cakeApp-frameworks.sh\"\n";
			showEnvVarsInLog = 0;
		};
/* End PBXShellScriptBuildPhase section */

/* Begin PBXSourcesBuildPhase section */
		B423819027DBF4DD00E66E0F /* Sources */ = {
			isa = PBXSourcesBuildPhase;
			buildActionMask = 2147483647;
			files = (
				B423819C27DBF4DD00E66E0F /* ViewController.swift in Sources */,
				B45A0F2627FD1F71004EB0AD /* AccountViewController.swift in Sources */,
				B42381A227DBF4DD00E66E0F /* cakeApp.xcdatamodeld in Sources */,
				B423819827DBF4DD00E66E0F /* AppDelegate.swift in Sources */,
				B423819A27DBF4DD00E66E0F /* SceneDelegate.swift in Sources */,
				B45A0F2827FD2039004EB0AD /* ContactViewController.swift in Sources */,
			);
			runOnlyForDeploymentPostprocessing = 0;
		};
		B42381A927DBF4DD00E66E0F /* Sources */ = {
			isa = PBXSourcesBuildPhase;
			buildActionMask = 2147483647;
			files = (
				B42381B227DBF4DD00E66E0F /* cakeAppTests.swift in Sources */,
			);
			runOnlyForDeploymentPostprocessing = 0;
		};
		B42381B327DBF4DD00E66E0F /* Sources */ = {
			isa = PBXSourcesBuildPhase;
			buildActionMask = 2147483647;
			files = (
				B42381BE27DBF4DD00E66E0F /* cakeAppUITestsLaunchTests.swift in Sources */,
				B42381BC27DBF4DD00E66E0F /* cakeAppUITests.swift in Sources */,
			);
			runOnlyForDeploymentPostprocessing = 0;
		};
/* End PBXSourcesBuildPhase section */

/* Begin PBXTargetDependency section */
		B42381AF27DBF4DD00E66E0F /* PBXTargetDependency */ = {
			isa = PBXTargetDependency;
			target = B423819327DBF4DD00E66E0F /* cakeApp */;
			targetProxy = B42381AE27DBF4DD00E66E0F /* PBXContainerItemProxy */;
		};
		B42381B927DBF4DD00E66E0F /* PBXTargetDependency */ = {
			isa = PBXTargetDependency;
			target = B423819327DBF4DD00E66E0F /* cakeApp */;
			targetProxy = B42381B827DBF4DD00E66E0F /* PBXContainerItemProxy */;
		};
/* End PBXTargetDependency section */

/* Begin PBXVariantGroup section */
		B423819D27DBF4DD00E66E0F /* Main.storyboard */ = {
			isa = PBXVariantGroup;
			children = (
				B423819E27DBF4DD00E66E0F /* Base */,
			);
			name = Main.storyboard;
			sourceTree = "<group>";
		};
		B42381A527DBF4DD00E66E0F /* LaunchScreen.storyboard */ = {
			isa = PBXVariantGroup;
			children = (
				B42381A627DBF4DD00E66E0F /* Base */,
			);
			name = LaunchScreen.storyboard;
			sourceTree = "<group>";
		};
/* End PBXVariantGroup section */

/* Begin XCBuildConfiguration section */
		B42381BF27DBF4DD00E66E0F /* Debug */ = {
			isa = XCBuildConfiguration;
			buildSettings = {
				ALWAYS_SEARCH_USER_PATHS = NO;
				CLANG_ANALYZER_NONNULL = YES;
				CLANG_ANALYZER_NUMBER_OBJECT_CONVERSION = YES_AGGRESSIVE;
				CLANG_CXX_LANGUAGE_STANDARD = "gnu++17";
				CLANG_CXX_LIBRARY = "libc++";
				CLANG_ENABLE_MODULES = YES;
				CLANG_ENABLE_OBJC_ARC = YES;
				CLANG_ENABLE_OBJC_WEAK = YES;
				CLANG_WARN_BLOCK_CAPTURE_AUTORELEASING = YES;
				CLANG_WARN_BOOL_CONVERSION = YES;
				CLANG_WARN_COMMA = YES;
				CLANG_WARN_CONSTANT_CONVERSION = YES;
				CLANG_WARN_DEPRECATED_OBJC_IMPLEMENTATIONS = YES;
				CLANG_WARN_DIRECT_OBJC_ISA_USAGE = YES_ERROR;
				CLANG_WARN_DOCUMENTATION_COMMENTS = YES;
				CLANG_WARN_EMPTY_BODY = YES;
				CLANG_WARN_ENUM_CONVERSION = YES;
				CLANG_WARN_INFINITE_RECURSION = YES;
				CLANG_WARN_INT_CONVERSION = YES;
				CLANG_WARN_NON_LITERAL_NULL_CONVERSION = YES;
				CLANG_WARN_OBJC_IMPLICIT_RETAIN_SELF = YES;
				CLANG_WARN_OBJC_LITERAL_CONVERSION = YES;
				CLANG_WARN_OBJC_ROOT_CLASS = YES_ERROR;
				CLANG_WARN_QUOTED_INCLUDE_IN_FRAMEWORK_HEADER = YES;
				CLANG_WARN_RANGE_LOOP_ANALYSIS = YES;
				CLANG_WARN_STRICT_PROTOTYPES = YES;
				CLANG_WARN_SUSPICIOUS_MOVE = YES;
				CLANG_WARN_UNGUARDED_AVAILABILITY = YES_AGGRESSIVE;
				CLANG_WARN_UNREACHABLE_CODE = YES;
				CLANG_WARN__DUPLICATE_METHOD_MATCH = YES;
				COPY_PHASE_STRIP = NO;
				DEBUG_INFORMATION_FORMAT = dwarf;
				ENABLE_STRICT_OBJC_MSGSEND = YES;
				ENABLE_TESTABILITY = YES;
				GCC_C_LANGUAGE_STANDARD = gnu11;
				GCC_DYNAMIC_NO_PIC = NO;
				GCC_NO_COMMON_BLOCKS = YES;
				GCC_OPTIMIZATION_LEVEL = 0;
				GCC_PREPROCESSOR_DEFINITIONS = (
					"DEBUG=1",
					"$(inherited)",
				);
				GCC_WARN_64_TO_32_BIT_CONVERSION = YES;
				GCC_WARN_ABOUT_RETURN_TYPE = YES_ERROR;
				GCC_WARN_UNDECLARED_SELECTOR = YES;
				GCC_WARN_UNINITIALIZED_AUTOS = YES_AGGRESSIVE;
				GCC_WARN_UNUSED_FUNCTION = YES;
				GCC_WARN_UNUSED_VARIABLE = YES;
				IPHONEOS_DEPLOYMENT_TARGET = 15.2;
				MTL_ENABLE_DEBUG_INFO = INCLUDE_SOURCE;
				MTL_FAST_MATH = YES;
				ONLY_ACTIVE_ARCH = YES;
				SDKROOT = iphoneos;
				SWIFT_ACTIVE_COMPILATION_CONDITIONS = DEBUG;
				SWIFT_OPTIMIZATION_LEVEL = "-Onone";
			};
			name = Debug;
		};
		B42381C027DBF4DD00E66E0F /* Release */ = {
			isa = XCBuildConfiguration;
			buildSettings = {
				ALWAYS_SEARCH_USER_PATHS = NO;
				CLANG_ANALYZER_NONNULL = YES;
				CLANG_ANALYZER_NUMBER_OBJECT_CONVERSION = YES_AGGRESSIVE;
				CLANG_CXX_LANGUAGE_STANDARD = "gnu++17";
				CLANG_CXX_LIBRARY = "libc++";
				CLANG_ENABLE_MODULES = YES;
				CLANG_ENABLE_OBJC_ARC = YES;
				CLANG_ENABLE_OBJC_WEAK = YES;
				CLANG_WARN_BLOCK_CAPTURE_AUTORELEASING = YES;
				CLANG_WARN_BOOL_CONVERSION = YES;
				CLANG_WARN_COMMA = YES;
				CLANG_WARN_CONSTANT_CONVERSION = YES;
				CLANG_WARN_DEPRECATED_OBJC_IMPLEMENTATIONS = YES;
				CLANG_WARN_DIRECT_OBJC_ISA_USAGE = YES_ERROR;
				CLANG_WARN_DOCUMENTATION_COMMENTS = YES;
				CLANG_WARN_EMPTY_BODY = YES;
				CLANG_WARN_ENUM_CONVERSION = YES;
				CLANG_WARN_INFINITE_RECURSION = YES;
				CLANG_WARN_INT_CONVERSION = YES;
				CLANG_WARN_NON_LITERAL_NULL_CONVERSION = YES;
				CLANG_WARN_OBJC_IMPLICIT_RETAIN_SELF = YES;
				CLANG_WARN_OBJC_LITERAL_CONVERSION = YES;
				CLANG_WARN_OBJC_ROOT_CLASS = YES_ERROR;
				CLANG_WARN_QUOTED_INCLUDE_IN_FRAMEWORK_HEADER = YES;
				CLANG_WARN_RANGE_LOOP_ANALYSIS = YES;
				CLANG_WARN_STRICT_PROTOTYPES = YES;
				CLANG_WARN_SUSPICIOUS_MOVE = YES;
				CLANG_WARN_UNGUARDED_AVAILABILITY = YES_AGGRESSIVE;
				CLANG_WARN_UNREACHABLE_CODE = YES;
				CLANG_WARN__DUPLICATE_METHOD_MATCH = YES;
				COPY_PHASE_STRIP = NO;
				DEBUG_INFORMATION_FORMAT = "dwarf-with-dsym";
				ENABLE_NS_ASSERTIONS = NO;
				ENABLE_STRICT_OBJC_MSGSEND = YES;
				GCC_C_LANGUAGE_STANDARD = gnu11;
				GCC_NO_COMMON_BLOCKS = YES;
				GCC_WARN_64_TO_32_BIT_CONVERSION = YES;
				GCC_WARN_ABOUT_RETURN_TYPE = YES_ERROR;
				GCC_WARN_UNDECLARED_SELECTOR = YES;
				GCC_WARN_UNINITIALIZED_AUTOS = YES_AGGRESSIVE;
				GCC_WARN_UNUSED_FUNCTION = YES;
				GCC_WARN_UNUSED_VARIABLE = YES;
				IPHONEOS_DEPLOYMENT_TARGET = 15.2;
				MTL_ENABLE_DEBUG_INFO = NO;
				MTL_FAST_MATH = YES;
				SDKROOT = iphoneos;
				SWIFT_COMPILATION_MODE = wholemodule;
				SWIFT_OPTIMIZATION_LEVEL = "-O";
				VALIDATE_PRODUCT = YES;
			};
			name = Release;
		};
		B42381C227DBF4DD00E66E0F /* Debug */ = {
			isa = XCBuildConfiguration;
			baseConfigurationReference = 514CAC689D8934E36D097682 /* Pods-cakeApp.debug.xcconfig */;
			buildSettings = {
				ASSETCATALOG_COMPILER_APPICON_NAME = AppIcon;
				ASSETCATALOG_COMPILER_GLOBAL_ACCENT_COLOR_NAME = AccentColor;
				CODE_SIGN_STYLE = Automatic;
				CURRENT_PROJECT_VERSION = 1;
				DEVELOPMENT_TEAM = DB97PD4D49;
				GENERATE_INFOPLIST_FILE = YES;
				INFOPLIST_FILE = cakeApp/Info.plist;
				INFOPLIST_KEY_UIApplicationSupportsIndirectInputEvents = YES;
				INFOPLIST_KEY_UILaunchStoryboardName = LaunchScreen;
				INFOPLIST_KEY_UIMainStoryboardFile = Main;
				INFOPLIST_KEY_UISupportedInterfaceOrientations_iPad = "UIInterfaceOrientationPortrait UIInterfaceOrientationPortraitUpsideDown UIInterfaceOrientationLandscapeLeft UIInterfaceOrientationLandscapeRight";
				INFOPLIST_KEY_UISupportedInterfaceOrientations_iPhone = "UIInterfaceOrientationPortrait UIInterfaceOrientationLandscapeLeft UIInterfaceOrientationLandscapeRight";
				LD_RUNPATH_SEARCH_PATHS = (
					"$(inherited)",
					"@executable_path/Frameworks",
				);
				MARKETING_VERSION = 1.0;
				PRODUCT_BUNDLE_IDENTIFIER = com.kinjal.customcake.cakeApp;
				PRODUCT_NAME = "$(TARGET_NAME)";
				SWIFT_EMIT_LOC_STRINGS = YES;
				SWIFT_VERSION = 5.0;
				TARGETED_DEVICE_FAMILY = "1,2";
			};
			name = Debug;
		};
		B42381C327DBF4DD00E66E0F /* Release */ = {
			isa = XCBuildConfiguration;
			baseConfigurationReference = 1E965285BC1C46A4C8A74EDE /* Pods-cakeApp.release.xcconfig */;
			buildSettings = {
				ASSETCATALOG_COMPILER_APPICON_NAME = AppIcon;
				ASSETCATALOG_COMPILER_GLOBAL_ACCENT_COLOR_NAME = AccentColor;
				CODE_SIGN_STYLE = Automatic;
				CURRENT_PROJECT_VERSION = 1;
				DEVELOPMENT_TEAM = DB97PD4D49;
				GENERATE_INFOPLIST_FILE = YES;
				INFOPLIST_FILE = cakeApp/Info.plist;
				INFOPLIST_KEY_UIApplicationSupportsIndirectInputEvents = YES;
				INFOPLIST_KEY_UILaunchStoryboardName = LaunchScreen;
				INFOPLIST_KEY_UIMainStoryboardFile = Main;
				INFOPLIST_KEY_UISupportedInterfaceOrientations_iPad = "UIInterfaceOrientationPortrait UIInterfaceOrientationPortraitUpsideDown UIInterfaceOrientationLandscapeLeft UIInterfaceOrientationLandscapeRight";
				INFOPLIST_KEY_UISupportedInterfaceOrientations_iPhone = "UIInterfaceOrientationPortrait UIInterfaceOrientationLandscapeLeft UIInterfaceOrientationLandscapeRight";
				LD_RUNPATH_SEARCH_PATHS = (
					"$(inherited)",
					"@executable_path/Frameworks",
				);
				MARKETING_VERSION = 1.0;
				PRODUCT_BUNDLE_IDENTIFIER = com.kinjal.customcake.cakeApp;
				PRODUCT_NAME = "$(TARGET_NAME)";
				SWIFT_EMIT_LOC_STRINGS = YES;
				SWIFT_VERSION = 5.0;
				TARGETED_DEVICE_FAMILY = "1,2";
			};
			name = Release;
		};
		B42381C527DBF4DD00E66E0F /* Debug */ = {
			isa = XCBuildConfiguration;
			baseConfigurationReference = 62E1419E2FE761A7CFA7C4A5 /* Pods-cakeAppTests.debug.xcconfig */;
			buildSettings = {
				ALWAYS_EMBED_SWIFT_STANDARD_LIBRARIES = YES;
				BUNDLE_LOADER = "$(TEST_HOST)";
				CODE_SIGN_STYLE = Automatic;
				CURRENT_PROJECT_VERSION = 1;
				DEVELOPMENT_TEAM = DB97PD4D49;
				GENERATE_INFOPLIST_FILE = YES;
				IPHONEOS_DEPLOYMENT_TARGET = 15.2;
				MARKETING_VERSION = 1.0;
				PRODUCT_BUNDLE_IDENTIFIER = com.kinjal.customcake.cakeAppTests;
				PRODUCT_NAME = "$(TARGET_NAME)";
				SWIFT_EMIT_LOC_STRINGS = NO;
				SWIFT_VERSION = 5.0;
				TARGETED_DEVICE_FAMILY = "1,2";
				TEST_HOST = "$(BUILT_PRODUCTS_DIR)/cakeApp.app/cakeApp";
			};
			name = Debug;
		};
		B42381C627DBF4DD00E66E0F /* Release */ = {
			isa = XCBuildConfiguration;
			baseConfigurationReference = 76CB25CF2FBF083BF1736E72 /* Pods-cakeAppTests.release.xcconfig */;
			buildSettings = {
				ALWAYS_EMBED_SWIFT_STANDARD_LIBRARIES = YES;
				BUNDLE_LOADER = "$(TEST_HOST)";
				CODE_SIGN_STYLE = Automatic;
				CURRENT_PROJECT_VERSION = 1;
				DEVELOPMENT_TEAM = DB97PD4D49;
				GENERATE_INFOPLIST_FILE = YES;
				IPHONEOS_DEPLOYMENT_TARGET = 15.2;
				MARKETING_VERSION = 1.0;
				PRODUCT_BUNDLE_IDENTIFIER = com.kinjal.customcake.cakeAppTests;
				PRODUCT_NAME = "$(TARGET_NAME)";
				SWIFT_EMIT_LOC_STRINGS = NO;
				SWIFT_VERSION = 5.0;
				TARGETED_DEVICE_FAMILY = "1,2";
				TEST_HOST = "$(BUILT_PRODUCTS_DIR)/cakeApp.app/cakeApp";
			};
			name = Release;
		};
		B42381C827DBF4DD00E66E0F /* Debug */ = {
			isa = XCBuildConfiguration;
			baseConfigurationReference = 02C69DB15BCD4F51521C6ECE /* Pods-cakeApp-cakeAppUITests.debug.xcconfig */;
			buildSettings = {
				ALWAYS_EMBED_SWIFT_STANDARD_LIBRARIES = YES;
				CODE_SIGN_STYLE = Automatic;
				CURRENT_PROJECT_VERSION = 1;
				DEVELOPMENT_TEAM = DB97PD4D49;
				GENERATE_INFOPLIST_FILE = YES;
				MARKETING_VERSION = 1.0;
				PRODUCT_BUNDLE_IDENTIFIER = com.kinjal.customcake.cakeAppUITests;
				PRODUCT_NAME = "$(TARGET_NAME)";
				SWIFT_EMIT_LOC_STRINGS = NO;
				SWIFT_VERSION = 5.0;
				TARGETED_DEVICE_FAMILY = "1,2";
				TEST_TARGET_NAME = cakeApp;
			};
			name = Debug;
		};
		B42381C927DBF4DD00E66E0F /* Release */ = {
			isa = XCBuildConfiguration;
			baseConfigurationReference = EAD17C1BBE8AF2C8AA558E56 /* Pods-cakeApp-cakeAppUITests.release.xcconfig */;
			buildSettings = {
				ALWAYS_EMBED_SWIFT_STANDARD_LIBRARIES = YES;
				CODE_SIGN_STYLE = Automatic;
				CURRENT_PROJECT_VERSION = 1;
				DEVELOPMENT_TEAM = DB97PD4D49;
				GENERATE_INFOPLIST_FILE = YES;
				MARKETING_VERSION = 1.0;
				PRODUCT_BUNDLE_IDENTIFIER = com.kinjal.customcake.cakeAppUITests;
				PRODUCT_NAME = "$(TARGET_NAME)";
				SWIFT_EMIT_LOC_STRINGS = NO;
				SWIFT_VERSION = 5.0;
				TARGETED_DEVICE_FAMILY = "1,2";
				TEST_TARGET_NAME = cakeApp;
			};
			name = Release;
		};
/* End XCBuildConfiguration section */

/* Begin XCConfigurationList section */
		B423818F27DBF4DD00E66E0F /* Build configuration list for PBXProject "cakeApp" */ = {
			isa = XCConfigurationList;
			buildConfigurations = (
				B42381BF27DBF4DD00E66E0F /* Debug */,
				B42381C027DBF4DD00E66E0F /* Release */,
			);
			defaultConfigurationIsVisible = 0;
			defaultConfigurationName = Release;
		};
		B42381C127DBF4DD00E66E0F /* Build configuration list for PBXNativeTarget "cakeApp" */ = {
			isa = XCConfigurationList;
			buildConfigurations = (
				B42381C227DBF4DD00E66E0F /* Debug */,
				B42381C327DBF4DD00E66E0F /* Release */,
			);
			defaultConfigurationIsVisible = 0;
			defaultConfigurationName = Release;
		};
		B42381C427DBF4DD00E66E0F /* Build configuration list for PBXNativeTarget "cakeAppTests" */ = {
			isa = XCConfigurationList;
			buildConfigurations = (
				B42381C527DBF4DD00E66E0F /* Debug */,
				B42381C627DBF4DD00E66E0F /* Release */,
			);
			defaultConfigurationIsVisible = 0;
			defaultConfigurationName = Release;
		};
		B42381C727DBF4DD00E66E0F /* Build configuration list for PBXNativeTarget "cakeAppUITests" */ = {
			isa = XCConfigurationList;
			buildConfigurations = (
				B42381C827DBF4DD00E66E0F /* Debug */,
				B42381C927DBF4DD00E66E0F /* Release */,
			);
			defaultConfigurationIsVisible = 0;
			defaultConfigurationName = Release;
		};
/* End XCConfigurationList section */

/* Begin XCVersionGroup section */
		B42381A027DBF4DD00E66E0F /* cakeApp.xcdatamodeld */ = {
			isa = XCVersionGroup;
			children = (
				B42381A127DBF4DD00E66E0F /* cakeApp.xcdatamodel */,
			);
			currentVersion = B42381A127DBF4DD00E66E0F /* cakeApp.xcdatamodel */;
			path = cakeApp.xcdatamodeld;
			sourceTree = "<group>";
			versionGroupType = wrapper.xcdatamodel;
		};
/* End XCVersionGroup section */
	};
	rootObject = B423818C27DBF4DD00E66E0F /* Project object */;
}
